// !$*UTF8*$!
{
	archiveVersion = 1;
	classes = {
	};
	objectVersion = 46;
	objects = {

/* Begin PBXBuildFile section */
		7809835C1B77841D00D6F2BE /* CalculatorBrain.swift in Sources */ = {isa = PBXBuildFile; fileRef = 7809835B1B77841D00D6F2BE /* CalculatorBrain.swift */; };
		787849BF1B2B075100A62138 /* AppDelegate.swift in Sources */ = {isa = PBXBuildFile; fileRef = 787849BE1B2B075100A62138 /* AppDelegate.swift */; };
		787849C11B2B075100A62138 /* ViewController.swift in Sources */ = {isa = PBXBuildFile; fileRef = 787849C01B2B075100A62138 /* ViewController.swift */; };
		787849C41B2B075100A62138 /* Main.storyboard in Resources */ = {isa = PBXBuildFile; fileRef = 787849C21B2B075100A62138 /* Main.storyboard */; };
		787849C61B2B075100A62138 /* Images.xcassets in Resources */ = {isa = PBXBuildFile; fileRef = 787849C51B2B075100A62138 /* Images.xcassets */; };
		787849C91B2B075100A62138 /* LaunchScreen.xib in Resources */ = {isa = PBXBuildFile; fileRef = 787849C71B2B075100A62138 /* LaunchScreen.xib */; };
		787849D51B2B075200A62138 /* CalculateTests.swift in Sources */ = {isa = PBXBuildFile; fileRef = 787849D41B2B075200A62138 /* CalculateTests.swift */; };
/* End PBXBuildFile section */

/* Begin PBXContainerItemProxy section */
		787849CF1B2B075200A62138 /* PBXContainerItemProxy */ = {
			isa = PBXContainerItemProxy;
			containerPortal = 787849B11B2B075100A62138 /* Project object */;
			proxyType = 1;
			remoteGlobalIDString = 787849B81B2B075100A62138;
			remoteInfo = Calculate;
		};
/* End PBXContainerItemProxy section */

/* Begin PBXFileReference section */
		7809835B1B77841D00D6F2BE /* CalculatorBrain.swift */ = {isa = PBXFileReference; fileEncoding = 4; lastKnownFileType = sourcecode.swift; path = CalculatorBrain.swift; sourceTree = "<group>"; };
		787849B91B2B075100A62138 /* Calculate.app */ = {isa = PBXFileReference; explicitFileType = wrapper.application; includeInIndex = 0; path = Calculate.app; sourceTree = BUILT_PRODUCTS_DIR; };
		787849BD1B2B075100A62138 /* Info.plist */ = {isa = PBXFileReference; lastKnownFileType = text.plist.xml; path = Info.plist; sourceTree = "<group>"; };
		787849BE1B2B075100A62138 /* AppDelegate.swift */ = {isa = PBXFileReference; lastKnownFileType = sourcecode.swift; path = AppDelegate.swift; sourceTree = "<group>"; };
		787849C01B2B075100A62138 /* ViewController.swift */ = {isa = PBXFileReference; lastKnownFileType = sourcecode.swift; path = ViewController.swift; sourceTree = "<group>"; };
		787849C31B2B075100A62138 /* Base */ = {isa = PBXFileReference; lastKnownFileType = file.storyboard; name = Base; path = Base.lproj/Main.storyboard; sourceTree = "<group>"; };
		787849C51B2B075100A62138 /* Images.xcassets */ = {isa = PBXFileReference; lastKnownFileType = folder.assetcatalog; path = Images.xcassets; sourceTree = "<group>"; };
		787849C81B2B075100A62138 /* Base */ = {isa = PBXFileReference; lastKnownFileType = file.xib; name = Base; path = Base.lproj/LaunchScreen.xib; sourceTree = "<group>"; };
		787849CE1B2B075200A62138 /* CalculateTests.xctest */ = {isa = PBXFileReference; explicitFileType = wrapper.cfbundle; includeInIndex = 0; path = CalculateTests.xctest; sourceTree = BUILT_PRODUCTS_DIR; };
		787849D31B2B075200A62138 /* Info.plist */ = {isa = PBXFileReference; lastKnownFileType = text.plist.xml; path = Info.plist; sourceTree = "<group>"; };
		787849D41B2B075200A62138 /* CalculateTests.swift */ = {isa = PBXFileReference; lastKnownFileType = sourcecode.swift; path = CalculateTests.swift; sourceTree = "<group>"; };
/* End PBXFileReference section */

/* Begin PBXFrameworksBuildPhase section */
		787849B61B2B075100A62138 /* Frameworks */ = {
			isa = PBXFrameworksBuildPhase;
			buildActionMask = 2147483647;
			files = (
			);
			runOnlyForDeploymentPostprocessing = 0;
		};
		787849CB1B2B075200A62138 /* Frameworks */ = {
			isa = PBXFrameworksBuildPhase;
			buildActionMask = 2147483647;
			files = (
			);
			runOnlyForDeploymentPostprocessing = 0;
		};
/* End PBXFrameworksBuildPhase section */

/* Begin PBXGroup section */
		787849B01B2B075100A62138 = {
			isa = PBXGroup;
			children = (
				787849BB1B2B075100A62138 /* Calculate */,
				787849D11B2B075200A62138 /* CalculateTests */,
				787849BA1B2B075100A62138 /* Products */,
			);
			sourceTree = "<group>";
		};
		787849BA1B2B075100A62138 /* Products */ = {
			isa = PBXGroup;
			children = (
				787849B91B2B075100A62138 /* Calculate.app */,
				787849CE1B2B075200A62138 /* CalculateTests.xctest */,
			);
			name = Products;
			sourceTree = "<group>";
		};
		787849BB1B2B075100A62138 /* Calculate */ = {
			isa = PBXGroup;
			children = (
				787849C01B2B075100A62138 /* ViewController.swift */,
				787849C21B2B075100A62138 /* Main.storyboard */,
				7809835B1B77841D00D6F2BE /* CalculatorBrain.swift */,
				787849BC1B2B075100A62138 /* Supporting Files */,
			);
			path = Calculate;
			sourceTree = "<group>";
		};
		787849BC1B2B075100A62138 /* Supporting Files */ = {
			isa = PBXGroup;
			children = (
				787849BE1B2B075100A62138 /* AppDelegate.swift */,
				787849C51B2B075100A62138 /* Images.xcassets */,
				787849C71B2B075100A62138 /* LaunchScreen.xib */,
				787849BD1B2B075100A62138 /* Info.plist */,
			);
			name = "Supporting Files";
			sourceTree = "<group>";
		};
		787849D11B2B075200A62138 /* CalculateTests */ = {
			isa = PBXGroup;
			children = (
				787849D41B2B075200A62138 /* CalculateTests.swift */,
				787849D21B2B075200A62138 /* Supporting Files */,
			);
			path = CalculateTests;
			sourceTree = "<group>";
		};
		787849D21B2B075200A62138 /* Supporting Files */ = {
			isa = PBXGroup;
			children = (
				787849D31B2B075200A62138 /* Info.plist */,
			);
			name = "Supporting Files";
			sourceTree = "<group>";
		};
/* End PBXGroup section */

/* Begin PBXNativeTarget section */
		787849B81B2B075100A62138 /* Calculate */ = {
			isa = PBXNativeTarget;
			buildConfigurationList = 787849D81B2B075200A62138 /* Build configuration list for PBXNativeTarget "Calculate" */;
			buildPhases = (
				787849B51B2B075100A62138 /* Sources */,
				787849B61B2B075100A62138 /* Frameworks */,
				787849B71B2B075100A62138 /* Resources */,
			);
			buildRules = (
			);
			dependencies = (
			);
			name = Calculate;
			productName = Calculate;
			productReference = 787849B91B2B075100A62138 /* Calculate.app */;
			productType = "com.apple.product-type.application";
		};
		787849CD1B2B075200A62138 /* CalculateTests */ = {
			isa = PBXNativeTarget;
			buildConfigurationList = 787849DB1B2B075200A62138 /* Build configuration list for PBXNativeTarget "CalculateTests" */;
			buildPhases = (
				787849CA1B2B075200A62138 /* Sources */,
				787849CB1B2B075200A62138 /* Frameworks */,
				787849CC1B2B075200A62138 /* Resources */,
			);
			buildRules = (
			);
			dependencies = (
				787849D01B2B075200A62138 /* PBXTargetDependency */,
			);
			name = CalculateTests;
			productName = CalculateTests;
			productReference = 787849CE1B2B075200A62138 /* CalculateTests.xctest */;
			productType = "com.apple.product-type.bundle.unit-test";
		};
/* End PBXNativeTarget section */

/* Begin PBXProject section */
		787849B11B2B075100A62138 /* Project object */ = {
			isa = PBXProject;
			attributes = {
				LastUpgradeCheck = 0610;
				ORGANIZATIONNAME = Home;
				TargetAttributes = {
					787849B81B2B075100A62138 = {
						CreatedOnToolsVersion = 6.1;
					};
					787849CD1B2B075200A62138 = {
						CreatedOnToolsVersion = 6.1;
						TestTargetID = 787849B81B2B075100A62138;
					};
				};
			};
			buildConfigurationList = 787849B41B2B075100A62138 /* Build configuration list for PBXProject "Calculate" */;
			compatibilityVersion = "Xcode 3.2";
			developmentRegion = English;
			hasScannedForEncodings = 0;
			knownRegions = (
				en,
				Base,
			);
			mainGroup = 787849B01B2B075100A62138;
			productRefGroup = 787849BA1B2B075100A62138 /* Products */;
			projectDirPath = "";
			projectRoot = "";
			targets = (
				787849B81B2B075100A62138 /* Calculate */,
				787849CD1B2B075200A62138 /* CalculateTests */,
			);
		};
/* End PBXProject section */

/* Begin PBXResourcesBuildPhase section */
		787849B71B2B075100A62138 /* Resources */ = {
			isa = PBXResourcesBuildPhase;
			buildActionMask = 2147483647;
			files = (
				787849C41B2B075100A62138 /* Main.storyboard in Resources */,
				787849C91B2B075100A62138 /* LaunchScreen.xib in Resources */,
				787849C61B2B075100A62138 /* Images.xcassets in Resources */,
			);
			runOnlyForDeploymentPostprocessing = 0;
		};
		787849CC1B2B075200A62138 /* Resources */ = {
			isa = PBXResourcesBuildPhase;
			buildActionMask = 2147483647;
			files = (
			);
			runOnlyForDeploymentPostprocessing = 0;
		};
/* End PBXResourcesBuildPhase section */

/* Begin PBXSourcesBuildPhase section */
		787849B51B2B075100A62138 /* Sources */ = {
			isa = PBXSourcesBuildPhase;
			buildActionMask = 2147483647;
			files = (
				7809835C1B77841D00D6F2BE /* CalculatorBrain.swift in Sources */,
				787849C11B2B075100A62138 /* ViewController.swift in Sources */,
				787849BF1B2B075100A62138 /* AppDelegate.swift in Sources */,
			);
			runOnlyForDeploymentPostprocessing = 0;
		};
		787849CA1B2B075200A62138 /* Sources */ = {
			isa = PBXSourcesBuildPhase;
			buildActionMask = 2147483647;
			files = (
				787849D51B2B075200A62138 /* CalculateTests.swift in Sources */,
			);
			runOnlyForDeploymentPostprocessing = 0;
		};
/* End PBXSourcesBuildPhase section */

/* Begin PBXTargetDependency section */
		787849D01B2B075200A62138 /* PBXTargetDependency */ = {
			isa = PBXTargetDependency;
			target = 787849B81B2B075100A62138 /* Calculate */;
			targetProxy = 787849CF1B2B075200A62138 /* PBXContainerItemProxy */;
		};
/* End PBXTargetDependency section */

/* Begin PBXVariantGroup section */
		787849C21B2B075100A62138 /* Main.storyboard */ = {
			isa = PBXVariantGroup;
			children = (
				787849C31B2B075100A62138 /* Base */,
			);
			name = Main.storyboard;
			sourceTree = "<group>";
		};
		787849C71B2B075100A62138 /* LaunchScreen.xib */ = {
			isa = PBXVariantGroup;
			children = (
				787849C81B2B075100A62138 /* Base */,
			);
			name = LaunchScreen.xib;
			sourceTree = "<group>";
		};
/* End PBXVariantGroup section */

/* Begin XCBuildConfiguration section */
		787849D61B2B075200A62138 /* Debug */ = {
			isa = XCBuildConfiguration;
			buildSettings = {
				ALWAYS_SEARCH_USER_PATHS = NO;
				CLANG_CXX_LANGUAGE_STANDARD = "gnu++0x";
				CLANG_CXX_LIBRARY = "libc++";
				CLANG_ENABLE_MODULES = YES;
				CLANG_ENABLE_OBJC_ARC = YES;
				CLANG_WARN_BOOL_CONVERSION = YES;
				CLANG_WARN_CONSTANT_CONVERSION = YES;
				CLANG_WARN_DIRECT_OBJC_ISA_USAGE = YES_ERROR;
				CLANG_WARN_EMPTY_BODY = YES;
				CLANG_WARN_ENUM_CONVERSION = YES;
				CLANG_WARN_INT_CONVERSION = YES;
				CLANG_WARN_OBJC_ROOT_CLASS = YES_ERROR;
				CLANG_WARN_UNREACHABLE_CODE = YES;
				CLANG_WARN__DUPLICATE_METHOD_MATCH = YES;
				"CODE_SIGN_IDENTITY[sdk=iphoneos*]" = "iPhone Developer";
				COPY_PHASE_STRIP = NO;
				ENABLE_STRICT_OBJC_MSGSEND = YES;
				GCC_C_LANGUAGE_STANDARD = gnu99;
				GCC_DYNAMIC_NO_PIC = NO;
				GCC_OPTIMIZATION_LEVEL = 0;
				GCC_PREPROCESSOR_DEFINITIONS = (
					"DEBUG=1",
					"$(inherited)",
				);
				GCC_SYMBOLS_PRIVATE_EXTERN = NO;
				GCC_WARN_64_TO_32_BIT_CONVERSION = YES;
				GCC_WARN_ABOUT_RETURN_TYPE = YES_ERROR;
				GCC_WARN_UNDECLARED_SELECTOR = YES;
				GCC_WARN_UNINITIALIZED_AUTOS = YES_AGGRESSIVE;
				GCC_WARN_UNUSED_FUNCTION = YES;
				GCC_WARN_UNUSED_VARIABLE = YES;
				IPHONEOS_DEPLOYMENT_TARGET = 8.1;
				MTL_ENABLE_DEBUG_INFO = YES;
				ONLY_ACTIVE_ARCH = YES;
				SDKROOT = iphoneos;
				SWIFT_OPTIMIZATION_LEVEL = "-Onone";
				TARGETED_DEVICE_FAMILY = "1,2";
			};
			name = Debug;
		};
		787849D71B2B075200A62138 /* Release */ = {
			isa = XCBuildConfiguration;
			buildSettings = {
				ALWAYS_SEARCH_USER_PATHS = NO;
				CLANG_CXX_LANGUAGE_STANDARD = "gnu++0x";
				CLANG_CXX_LIBRARY = "libc++";
				CLANG_ENABLE_MODULES = YES;
				CLANG_ENABLE_OBJC_ARC = YES;
				CLANG_WARN_BOOL_CONVERSION = YES;
				CLANG_WARN_CONSTANT_CONVERSION = YES;
				CLANG_WARN_DIRECT_OBJC_ISA_USAGE = YES_ERROR;
				CLANG_WARN_EMPTY_BODY = YES;
				CLANG_WARN_ENUM_CONVERSION = YES;
				CLANG_WARN_INT_CONVERSION = YES;
				CLANG_WARN_OBJC_ROOT_CLASS = YES_ERROR;
				CLANG_WARN_UNREACHABLE_CODE = YES;
				CLANG_WARN__DUPLICATE_METHOD_MATCH = YES;
				"CODE_SIGN_IDENTITY[sdk=iphoneos*]" = "iPhone Developer";
				COPY_PHASE_STRIP = YES;
				ENABLE_NS_ASSERTIONS = NO;
				ENABLE_STRICT_OBJC_MSGSEND = YES;
				GCC_C_LANGUAGE_STANDARD = gnu99;
				GCC_WARN_64_TO_32_BIT_CONVERSION = YES;
				GCC_WARN_ABOUT_RETURN_TYPE = YES_ERROR;
				GCC_WARN_UNDECLARED_SELECTOR = YES;
				GCC_WARN_UNINITIALIZED_AUTOS = YES_AGGRESSIVE;
				GCC_WARN_UNUSED_FUNCTION = YES;
				GCC_WARN_UNUSED_VARIABLE = YES;
				IPHONEOS_DEPLOYMENT_TARGET = 8.1;
				MTL_ENABLE_DEBUG_INFO = NO;
				SDKROOT = iphoneos;
				TARGETED_DEVICE_FAMILY = "1,2";
				VALIDATE_PRODUCT = YES;
			};
			name = Release;
		};
		787849D91B2B075200A62138 /* Debug */ = {
			isa = XCBuildConfiguration;
			buildSettings = {
				ASSETCATALOG_COMPILER_APPICON_NAME = AppIcon;
				INFOPLIST_FILE = Calculate/Info.plist;
				LD_RUNPATH_SEARCH_PATHS = "$(inherited) @executable_path/Frameworks";
				PRODUCT_NAME = "$(TARGET_NAME)";
			};
			name = Debug;
		};
		787849DA1B2B075200A62138 /* Release */ = {
			isa = XCBuildConfiguration;
			buildSettings = {
				ASSETCATALOG_COMPILER_APPICON_NAME = AppIcon;
				INFOPLIST_FILE = Calculate/Info.plist;
				LD_RUNPATH_SEARCH_PATHS = "$(inherited) @executable_path/Frameworks";
				PRODUCT_NAME = "$(TARGET_NAME)";
			};
			name = Release;
		};
		787849DC1B2B075200A62138 /* Debug */ = {
			isa = XCBuildConfiguration;
			buildSettings = {
				BUNDLE_LOADER = "$(TEST_HOST)";
				FRAMEWORK_SEARCH_PATHS = (
					"$(SDKROOT)/Developer/Library/Frameworks",
					"$(inherited)",
				);
				GCC_PREPROCESSOR_DEFINITIONS = (
					"DEBUG=1",
					"$(inherited)",
				);
				INFOPLIST_FILE = CalculateTests/Info.plist;
				LD_RUNPATH_SEARCH_PATHS = "$(inherited) @executable_path/Frameworks @loader_path/Frameworks";
				PRODUCT_NAME = "$(TARGET_NAME)";
				TEST_HOST = "$(BUILT_PRODUCTS_DIR)/Calculate.app/Calculate";
			};
			name = Debug;
		};
		787849DD1B2B075200A62138 /* Release */ = {
			isa = XCBuildConfiguration;
			buildSettings = {
				BUNDLE_LOADER = "$(TEST_HOST)";
				FRAMEWORK_SEARCH_PATHS = (
					"$(SDKROOT)/Developer/Library/Frameworks",
					"$(inherited)",
				);
				INFOPLIST_FILE = CalculateTests/Info.plist;
				LD_RUNPATH_SEARCH_PATHS = "$(inherited) @executable_path/Frameworks @loader_path/Frameworks";
				PRODUCT_NAME = "$(TARGET_NAME)";
				TEST_HOST = "$(BUILT_PRODUCTS_DIR)/Calculate.app/Calculate";
			};
			name = Release;
		};
/* End XCBuildConfiguration section */

/* Begin XCConfigurationList section */
		787849B41B2B075100A62138 /* Build configuration list for PBXProject "Calculate" */ = {
			isa = XCConfigurationList;
			buildConfigurations = (
				787849D61B2B075200A62138 /* Debug */,
				787849D71B2B075200A62138 /* Release */,
			);
			defaultConfigurationIsVisible = 0;
			defaultConfigurationName = Release;
		};
		787849D81B2B075200A62138 /* Build configuration list for PBXNativeTarget "Calculate" */ = {
			isa = XCConfigurationList;
			buildConfigurations = (
				787849D91B2B075200A62138 /* Debug */,
				787849DA1B2B075200A62138 /* Release */,
			);
			defaultConfigurationIsVisible = 0;
			defaultConfigurationName = Release;
		};
		787849DB1B2B075200A62138 /* Build configuration list for PBXNativeTarget "CalculateTests" */ = {
			isa = XCConfigurationList;
			buildConfigurations = (
				787849DC1B2B075200A62138 /* Debug */,
				787849DD1B2B075200A62138 /* Release */,
			);
			defaultConfigurationIsVisible = 0;
			defaultConfigurationName = Release;
		};
/* End XCConfigurationList section */
	};
	rootObject = 787849B11B2B075100A62138 /* Project object */;
}
