// !$*UTF8*$!
{
	archiveVersion = 1;
	classes = {
	};
	objectVersion = 46;
	objects = {

/* Begin PBXBuildFile section */
		78305EA71BEFA268006E4873 /* AppDelegate.swift in Sources */ = {isa = PBXBuildFile; fileRef = 78305EA61BEFA268006E4873 /* AppDelegate.swift */; };
		78305EA91BEFA268006E4873 /* ViewController.swift in Sources */ = {isa = PBXBuildFile; fileRef = 78305EA81BEFA268006E4873 /* ViewController.swift */; };
		78305EAC1BEFA268006E4873 /* Main.storyboard in Resources */ = {isa = PBXBuildFile; fileRef = 78305EAA1BEFA268006E4873 /* Main.storyboard */; };
		78305EAE1BEFA268006E4873 /* Images.xcassets in Resources */ = {isa = PBXBuildFile; fileRef = 78305EAD1BEFA268006E4873 /* Images.xcassets */; };
		78305EB11BEFA268006E4873 /* LaunchScreen.xib in Resources */ = {isa = PBXBuildFile; fileRef = 78305EAF1BEFA268006E4873 /* LaunchScreen.xib */; };
		78305EBD1BEFA268006E4873 /* PsychologistTests.swift in Sources */ = {isa = PBXBuildFile; fileRef = 78305EBC1BEFA268006E4873 /* PsychologistTests.swift */; };
		78305ECB1BEFA2CF006E4873 /* TextViewController.swift in Sources */ = {isa = PBXBuildFile; fileRef = 78305EC61BEFA2CF006E4873 /* TextViewController.swift */; };
		78305ECC1BEFA2CF006E4873 /* DiagnosedHappinessViewController.swift in Sources */ = {isa = PBXBuildFile; fileRef = 78305EC71BEFA2CF006E4873 /* DiagnosedHappinessViewController.swift */; };
		78305ECD1BEFA2CF006E4873 /* PsychologistViewController.swift in Sources */ = {isa = PBXBuildFile; fileRef = 78305EC81BEFA2CF006E4873 /* PsychologistViewController.swift */; };
		78305ECE1BEFA2CF006E4873 /* HappinessViewController.swift in Sources */ = {isa = PBXBuildFile; fileRef = 78305EC91BEFA2CF006E4873 /* HappinessViewController.swift */; };
		78305ECF1BEFA2CF006E4873 /* FaceView.swift in Sources */ = {isa = PBXBuildFile; fileRef = 78305ECA1BEFA2CF006E4873 /* FaceView.swift */; };
/* End PBXBuildFile section */

/* Begin PBXContainerItemProxy section */
		78305EB71BEFA268006E4873 /* PBXContainerItemProxy */ = {
			isa = PBXContainerItemProxy;
			containerPortal = 78305E991BEFA268006E4873 /* Project object */;
			proxyType = 1;
			remoteGlobalIDString = 78305EA01BEFA268006E4873;
			remoteInfo = Psychologist;
		};
/* End PBXContainerItemProxy section */

/* Begin PBXFileReference section */
		78305EA11BEFA268006E4873 /* Psychologist.app */ = {isa = PBXFileReference; explicitFileType = wrapper.application; includeInIndex = 0; path = Psychologist.app; sourceTree = BUILT_PRODUCTS_DIR; };
		78305EA51BEFA268006E4873 /* Info.plist */ = {isa = PBXFileReference; lastKnownFileType = text.plist.xml; path = Info.plist; sourceTree = "<group>"; };
		78305EA61BEFA268006E4873 /* AppDelegate.swift */ = {isa = PBXFileReference; lastKnownFileType = sourcecode.swift; path = AppDelegate.swift; sourceTree = "<group>"; };
		78305EA81BEFA268006E4873 /* ViewController.swift */ = {isa = PBXFileReference; lastKnownFileType = sourcecode.swift; path = ViewController.swift; sourceTree = "<group>"; };
		78305EAB1BEFA268006E4873 /* Base */ = {isa = PBXFileReference; lastKnownFileType = file.storyboard; name = Base; path = Base.lproj/Main.storyboard; sourceTree = "<group>"; };
		78305EAD1BEFA268006E4873 /* Images.xcassets */ = {isa = PBXFileReference; lastKnownFileType = folder.assetcatalog; path = Images.xcassets; sourceTree = "<group>"; };
		78305EB01BEFA268006E4873 /* Base */ = {isa = PBXFileReference; lastKnownFileType = file.xib; name = Base; path = Base.lproj/LaunchScreen.xib; sourceTree = "<group>"; };
		78305EB61BEFA268006E4873 /* PsychologistTests.xctest */ = {isa = PBXFileReference; explicitFileType = wrapper.cfbundle; includeInIndex = 0; path = PsychologistTests.xctest; sourceTree = BUILT_PRODUCTS_DIR; };
		78305EBB1BEFA268006E4873 /* Info.plist */ = {isa = PBXFileReference; lastKnownFileType = text.plist.xml; path = Info.plist; sourceTree = "<group>"; };
		78305EBC1BEFA268006E4873 /* PsychologistTests.swift */ = {isa = PBXFileReference; lastKnownFileType = sourcecode.swift; path = PsychologistTests.swift; sourceTree = "<group>"; };
		78305EC61BEFA2CF006E4873 /* TextViewController.swift */ = {isa = PBXFileReference; fileEncoding = 4; lastKnownFileType = sourcecode.swift; path = TextViewController.swift; sourceTree = "<group>"; };
		78305EC71BEFA2CF006E4873 /* DiagnosedHappinessViewController.swift */ = {isa = PBXFileReference; fileEncoding = 4; lastKnownFileType = sourcecode.swift; path = DiagnosedHappinessViewController.swift; sourceTree = "<group>"; };
		78305EC81BEFA2CF006E4873 /* PsychologistViewController.swift */ = {isa = PBXFileReference; fileEncoding = 4; lastKnownFileType = sourcecode.swift; path = PsychologistViewController.swift; sourceTree = "<group>"; };
		78305EC91BEFA2CF006E4873 /* HappinessViewController.swift */ = {isa = PBXFileReference; fileEncoding = 4; lastKnownFileType = sourcecode.swift; path = HappinessViewController.swift; sourceTree = "<group>"; };
		78305ECA1BEFA2CF006E4873 /* FaceView.swift */ = {isa = PBXFileReference; fileEncoding = 4; lastKnownFileType = sourcecode.swift; path = FaceView.swift; sourceTree = "<group>"; };
/* End PBXFileReference section */

/* Begin PBXFrameworksBuildPhase section */
		78305E9E1BEFA268006E4873 /* Frameworks */ = {
			isa = PBXFrameworksBuildPhase;
			buildActionMask = 2147483647;
			files = (
			);
			runOnlyForDeploymentPostprocessing = 0;
		};
		78305EB31BEFA268006E4873 /* Frameworks */ = {
			isa = PBXFrameworksBuildPhase;
			buildActionMask = 2147483647;
			files = (
			);
			runOnlyForDeploymentPostprocessing = 0;
		};
/* End PBXFrameworksBuildPhase section */

/* Begin PBXGroup section */
		78305E981BEFA268006E4873 = {
			isa = PBXGroup;
			children = (
				78305EA31BEFA268006E4873 /* Psychologist */,
				78305EB91BEFA268006E4873 /* PsychologistTests */,
				78305EA21BEFA268006E4873 /* Products */,
			);
			sourceTree = "<group>";
		};
		78305EA21BEFA268006E4873 /* Products */ = {
			isa = PBXGroup;
			children = (
				78305EA11BEFA268006E4873 /* Psychologist.app */,
				78305EB61BEFA268006E4873 /* PsychologistTests.xctest */,
			);
			name = Products;
			sourceTree = "<group>";
		};
		78305EA31BEFA268006E4873 /* Psychologist */ = {
			isa = PBXGroup;
			children = (
				78305EC61BEFA2CF006E4873 /* TextViewController.swift */,
				78305EC71BEFA2CF006E4873 /* DiagnosedHappinessViewController.swift */,
				78305EC81BEFA2CF006E4873 /* PsychologistViewController.swift */,
				78305EC91BEFA2CF006E4873 /* HappinessViewController.swift */,
				78305ECA1BEFA2CF006E4873 /* FaceView.swift */,
				78305EA81BEFA268006E4873 /* ViewController.swift */,
				78305EAA1BEFA268006E4873 /* Main.storyboard */,
				78305EA41BEFA268006E4873 /* Supporting Files */,
			);
			path = Psychologist;
			sourceTree = "<group>";
		};
		78305EA41BEFA268006E4873 /* Supporting Files */ = {
			isa = PBXGroup;
			children = (
				78305EA61BEFA268006E4873 /* AppDelegate.swift */,
				78305EAD1BEFA268006E4873 /* Images.xcassets */,
				78305EAF1BEFA268006E4873 /* LaunchScreen.xib */,
				78305EA51BEFA268006E4873 /* Info.plist */,
			);
			name = "Supporting Files";
			sourceTree = "<group>";
		};
		78305EB91BEFA268006E4873 /* PsychologistTests */ = {
			isa = PBXGroup;
			children = (
				78305EBC1BEFA268006E4873 /* PsychologistTests.swift */,
				78305EBA1BEFA268006E4873 /* Supporting Files */,
			);
			path = PsychologistTests;
			sourceTree = "<group>";
		};
		78305EBA1BEFA268006E4873 /* Supporting Files */ = {
			isa = PBXGroup;
			children = (
				78305EBB1BEFA268006E4873 /* Info.plist */,
			);
			name = "Supporting Files";
			sourceTree = "<group>";
		};
/* End PBXGroup section */

/* Begin PBXNativeTarget section */
		78305EA01BEFA268006E4873 /* Psychologist */ = {
			isa = PBXNativeTarget;
			buildConfigurationList = 78305EC01BEFA268006E4873 /* Build configuration list for PBXNativeTarget "Psychologist" */;
			buildPhases = (
				78305E9D1BEFA268006E4873 /* Sources */,
				78305E9E1BEFA268006E4873 /* Frameworks */,
				78305E9F1BEFA268006E4873 /* Resources */,
			);
			buildRules = (
			);
			dependencies = (
			);
			name = Psychologist;
			productName = Psychologist;
			productReference = 78305EA11BEFA268006E4873 /* Psychologist.app */;
			productType = "com.apple.product-type.application";
		};
		78305EB51BEFA268006E4873 /* PsychologistTests */ = {
			isa = PBXNativeTarget;
			buildConfigurationList = 78305EC31BEFA268006E4873 /* Build configuration list for PBXNativeTarget "PsychologistTests" */;
			buildPhases = (
				78305EB21BEFA268006E4873 /* Sources */,
				78305EB31BEFA268006E4873 /* Frameworks */,
				78305EB41BEFA268006E4873 /* Resources */,
			);
			buildRules = (
			);
			dependencies = (
				78305EB81BEFA268006E4873 /* PBXTargetDependency */,
			);
			name = PsychologistTests;
			productName = PsychologistTests;
			productReference = 78305EB61BEFA268006E4873 /* PsychologistTests.xctest */;
			productType = "com.apple.product-type.bundle.unit-test";
		};
/* End PBXNativeTarget section */

/* Begin PBXProject section */
		78305E991BEFA268006E4873 /* Project object */ = {
			isa = PBXProject;
			attributes = {
				LastUpgradeCheck = 0640;
				ORGANIZATIONNAME = Home;
				TargetAttributes = {
					78305EA01BEFA268006E4873 = {
						CreatedOnToolsVersion = 6.4;
					};
					78305EB51BEFA268006E4873 = {
						CreatedOnToolsVersion = 6.4;
						TestTargetID = 78305EA01BEFA268006E4873;
					};
				};
			};
			buildConfigurationList = 78305E9C1BEFA268006E4873 /* Build configuration list for PBXProject "Psychologist" */;
			compatibilityVersion = "Xcode 3.2";
			developmentRegion = English;
			hasScannedForEncodings = 0;
			knownRegions = (
				en,
				Base,
			);
			mainGroup = 78305E981BEFA268006E4873;
			productRefGroup = 78305EA21BEFA268006E4873 /* Products */;
			projectDirPath = "";
			projectRoot = "";
			targets = (
				78305EA01BEFA268006E4873 /* Psychologist */,
				78305EB51BEFA268006E4873 /* PsychologistTests */,
			);
		};
/* End PBXProject section */

/* Begin PBXResourcesBuildPhase section */
		78305E9F1BEFA268006E4873 /* Resources */ = {
			isa = PBXResourcesBuildPhase;
			buildActionMask = 2147483647;
			files = (
				78305EAC1BEFA268006E4873 /* Main.storyboard in Resources */,
				78305EB11BEFA268006E4873 /* LaunchScreen.xib in Resources */,
				78305EAE1BEFA268006E4873 /* Images.xcassets in Resources */,
			);
			runOnlyForDeploymentPostprocessing = 0;
		};
		78305EB41BEFA268006E4873 /* Resources */ = {
			isa = PBXResourcesBuildPhase;
			buildActionMask = 2147483647;
			files = (
			);
			runOnlyForDeploymentPostprocessing = 0;
		};
/* End PBXResourcesBuildPhase section */

/* Begin PBXSourcesBuildPhase section */
		78305E9D1BEFA268006E4873 /* Sources */ = {
			isa = PBXSourcesBuildPhase;
			buildActionMask = 2147483647;
			files = (
				78305EA91BEFA268006E4873 /* ViewController.swift in Sources */,
				78305ECC1BEFA2CF006E4873 /* DiagnosedHappinessViewController.swift in Sources */,
				78305ECF1BEFA2CF006E4873 /* FaceView.swift in Sources */,
				78305ECD1BEFA2CF006E4873 /* PsychologistViewController.swift in Sources */,
				78305EA71BEFA268006E4873 /* AppDelegate.swift in Sources */,
				78305ECE1BEFA2CF006E4873 /* HappinessViewController.swift in Sources */,
				78305ECB1BEFA2CF006E4873 /* TextViewController.swift in Sources */,
			);
			runOnlyForDeploymentPostprocessing = 0;
		};
		78305EB21BEFA268006E4873 /* Sources */ = {
			isa = PBXSourcesBuildPhase;
			buildActionMask = 2147483647;
			files = (
				78305EBD1BEFA268006E4873 /* PsychologistTests.swift in Sources */,
			);
			runOnlyForDeploymentPostprocessing = 0;
		};
/* End PBXSourcesBuildPhase section */

/* Begin PBXTargetDependency section */
		78305EB81BEFA268006E4873 /* PBXTargetDependency */ = {
			isa = PBXTargetDependency;
			target = 78305EA01BEFA268006E4873 /* Psychologist */;
			targetProxy = 78305EB71BEFA268006E4873 /* PBXContainerItemProxy */;
		};
/* End PBXTargetDependency section */

/* Begin PBXVariantGroup section */
		78305EAA1BEFA268006E4873 /* Main.storyboard */ = {
			isa = PBXVariantGroup;
			children = (
				78305EAB1BEFA268006E4873 /* Base */,
			);
			name = Main.storyboard;
			sourceTree = "<group>";
		};
		78305EAF1BEFA268006E4873 /* LaunchScreen.xib */ = {
			isa = PBXVariantGroup;
			children = (
				78305EB01BEFA268006E4873 /* Base */,
			);
			name = LaunchScreen.xib;
			sourceTree = "<group>";
		};
/* End PBXVariantGroup section */

/* Begin XCBuildConfiguration section */
		78305EBE1BEFA268006E4873 /* Debug */ = {
			isa = XCBuildConfiguration;
			buildSettings = {
				ALWAYS_SEARCH_USER_PATHS = NO;
				CLANG_CXX_LANGUAGE_STANDARD = "gnu++0x";
				CLANG_CXX_LIBRARY = "libc++";
				CLANG_ENABLE_MODULES = YES;
				CLANG_ENABLE_OBJC_ARC = YES;
				CLANG_WARN_BOOL_CONVERSION = YES;
				CLANG_WARN_CONSTANT_CONVERSION = YES;
				CLANG_WARN_DIRECT_OBJC_ISA_USAGE = YES_ERROR;
				CLANG_WARN_EMPTY_BODY = YES;
				CLANG_WARN_ENUM_CONVERSION = YES;
				CLANG_WARN_INT_CONVERSION = YES;
				CLANG_WARN_OBJC_ROOT_CLASS = YES_ERROR;
				CLANG_WARN_UNREACHABLE_CODE = YES;
				CLANG_WARN__DUPLICATE_METHOD_MATCH = YES;
				"CODE_SIGN_IDENTITY[sdk=iphoneos*]" = "iPhone Developer";
				COPY_PHASE_STRIP = NO;
				DEBUG_INFORMATION_FORMAT = "dwarf-with-dsym";
				ENABLE_STRICT_OBJC_MSGSEND = YES;
				GCC_C_LANGUAGE_STANDARD = gnu99;
				GCC_DYNAMIC_NO_PIC = NO;
				GCC_NO_COMMON_BLOCKS = YES;
				GCC_OPTIMIZATION_LEVEL = 0;
				GCC_PREPROCESSOR_DEFINITIONS = (
					"DEBUG=1",
					"$(inherited)",
				);
				GCC_SYMBOLS_PRIVATE_EXTERN = NO;
				GCC_WARN_64_TO_32_BIT_CONVERSION = YES;
				GCC_WARN_ABOUT_RETURN_TYPE = YES_ERROR;
				GCC_WARN_UNDECLARED_SELECTOR = YES;
				GCC_WARN_UNINITIALIZED_AUTOS = YES_AGGRESSIVE;
				GCC_WARN_UNUSED_FUNCTION = YES;
				GCC_WARN_UNUSED_VARIABLE = YES;
				IPHONEOS_DEPLOYMENT_TARGET = 8.4;
				MTL_ENABLE_DEBUG_INFO = YES;
				ONLY_ACTIVE_ARCH = YES;
				SDKROOT = iphoneos;
				SWIFT_OPTIMIZATION_LEVEL = "-Onone";
				TARGETED_DEVICE_FAMILY = "1,2";
			};
			name = Debug;
		};
		78305EBF1BEFA268006E4873 /* Release */ = {
			isa = XCBuildConfiguration;
			buildSettings = {
				ALWAYS_SEARCH_USER_PATHS = NO;
				CLANG_CXX_LANGUAGE_STANDARD = "gnu++0x";
				CLANG_CXX_LIBRARY = "libc++";
				CLANG_ENABLE_MODULES = YES;
				CLANG_ENABLE_OBJC_ARC = YES;
				CLANG_WARN_BOOL_CONVERSION = YES;
				CLANG_WARN_CONSTANT_CONVERSION = YES;
				CLANG_WARN_DIRECT_OBJC_ISA_USAGE = YES_ERROR;
				CLANG_WARN_EMPTY_BODY = YES;
				CLANG_WARN_ENUM_CONVERSION = YES;
				CLANG_WARN_INT_CONVERSION = YES;
				CLANG_WARN_OBJC_ROOT_CLASS = YES_ERROR;
				CLANG_WARN_UNREACHABLE_CODE = YES;
				CLANG_WARN__DUPLICATE_METHOD_MATCH = YES;
				"CODE_SIGN_IDENTITY[sdk=iphoneos*]" = "iPhone Developer";
				COPY_PHASE_STRIP = NO;
				DEBUG_INFORMATION_FORMAT = "dwarf-with-dsym";
				ENABLE_NS_ASSERTIONS = NO;
				ENABLE_STRICT_OBJC_MSGSEND = YES;
				GCC_C_LANGUAGE_STANDARD = gnu99;
				GCC_NO_COMMON_BLOCKS = YES;
				GCC_WARN_64_TO_32_BIT_CONVERSION = YES;
				GCC_WARN_ABOUT_RETURN_TYPE = YES_ERROR;
				GCC_WARN_UNDECLARED_SELECTOR = YES;
				GCC_WARN_UNINITIALIZED_AUTOS = YES_AGGRESSIVE;
				GCC_WARN_UNUSED_FUNCTION = YES;
				GCC_WARN_UNUSED_VARIABLE = YES;
				IPHONEOS_DEPLOYMENT_TARGET = 8.4;
				MTL_ENABLE_DEBUG_INFO = NO;
				SDKROOT = iphoneos;
				TARGETED_DEVICE_FAMILY = "1,2";
				VALIDATE_PRODUCT = YES;
			};
			name = Release;
		};
		78305EC11BEFA268006E4873 /* Debug */ = {
			isa = XCBuildConfiguration;
			buildSettings = {
				ASSETCATALOG_COMPILER_APPICON_NAME = AppIcon;
				INFOPLIST_FILE = Psychologist/Info.plist;
				LD_RUNPATH_SEARCH_PATHS = "$(inherited) @executable_path/Frameworks";
				PRODUCT_NAME = "$(TARGET_NAME)";
			};
			name = Debug;
		};
		78305EC21BEFA268006E4873 /* Release */ = {
			isa = XCBuildConfiguration;
			buildSettings = {
				ASSETCATALOG_COMPILER_APPICON_NAME = AppIcon;
				INFOPLIST_FILE = Psychologist/Info.plist;
				LD_RUNPATH_SEARCH_PATHS = "$(inherited) @executable_path/Frameworks";
				PRODUCT_NAME = "$(TARGET_NAME)";
			};
			name = Release;
		};
		78305EC41BEFA268006E4873 /* Debug */ = {
			isa = XCBuildConfiguration;
			buildSettings = {
				BUNDLE_LOADER = "$(TEST_HOST)";
				FRAMEWORK_SEARCH_PATHS = (
					"$(SDKROOT)/Developer/Library/Frameworks",
					"$(inherited)",
				);
				GCC_PREPROCESSOR_DEFINITIONS = (
					"DEBUG=1",
					"$(inherited)",
				);
				INFOPLIST_FILE = PsychologistTests/Info.plist;
				LD_RUNPATH_SEARCH_PATHS = "$(inherited) @executable_path/Frameworks @loader_path/Frameworks";
				PRODUCT_NAME = "$(TARGET_NAME)";
				TEST_HOST = "$(BUILT_PRODUCTS_DIR)/Psychologist.app/Psychologist";
			};
			name = Debug;
		};
		78305EC51BEFA268006E4873 /* Release */ = {
			isa = XCBuildConfiguration;
			buildSettings = {
				BUNDLE_LOADER = "$(TEST_HOST)";
				FRAMEWORK_SEARCH_PATHS = (
					"$(SDKROOT)/Developer/Library/Frameworks",
					"$(inherited)",
				);
				INFOPLIST_FILE = PsychologistTests/Info.plist;
				LD_RUNPATH_SEARCH_PATHS = "$(inherited) @executable_path/Frameworks @loader_path/Frameworks";
				PRODUCT_NAME = "$(TARGET_NAME)";
				TEST_HOST = "$(BUILT_PRODUCTS_DIR)/Psychologist.app/Psychologist";
			};
			name = Release;
		};
/* End XCBuildConfiguration section */

/* Begin XCConfigurationList section */
		78305E9C1BEFA268006E4873 /* Build configuration list for PBXProject "Psychologist" */ = {
			isa = XCConfigurationList;
			buildConfigurations = (
				78305EBE1BEFA268006E4873 /* Debug */,
				78305EBF1BEFA268006E4873 /* Release */,
			);
			defaultConfigurationIsVisible = 0;
			defaultConfigurationName = Release;
		};
		78305EC01BEFA268006E4873 /* Build configuration list for PBXNativeTarget "Psychologist" */ = {
			isa = XCConfigurationList;
			buildConfigurations = (
				78305EC11BEFA268006E4873 /* Debug */,
				78305EC21BEFA268006E4873 /* Release */,
			);
			defaultConfigurationIsVisible = 0;
		};
		78305EC31BEFA268006E4873 /* Build configuration list for PBXNativeTarget "PsychologistTests" */ = {
			isa = XCConfigurationList;
			buildConfigurations = (
				78305EC41BEFA268006E4873 /* Debug */,
				78305EC51BEFA268006E4873 /* Release */,
			);
			defaultConfigurationIsVisible = 0;
		};
/* End XCConfigurationList section */
	};
	rootObject = 78305E991BEFA268006E4873 /* Project object */;
}
